{
  "version": 4,
  "terraform_version": "1.8.2",
  "serial": 1,
  "lineage": "92a36f27-03da-d9b6-e076-6e06cd6c0164",
  "outputs": {
    "project_number": {
      "value": "333782127962",
      "type": "string"
    }
  },
  "resources": [
    {
      "mode": "data",
      "type": "google_project",
      "name": "project",
      "provider": "provider[\"registry.terraform.io/hashicorp/google\"]",
      "instances": [
        {
          "schema_version": 0,
          "attributes": {
            "auto_create_network": null,
            "billing_account": "01809D-FDA679-3EB3E7",
            "deletion_policy": "DELETE",
            "effective_labels": {},
            "folder_id": null,
            "id": "projects/ornate-node-483516-e3",
            "labels": {},
            "name": "My First Project",
            "number": "333782127962",
            "org_id": null,
            "project_id": "ornate-node-483516-e3",
            "skip_delete": null,
            "terraform_labels": {}
          },
          "sensitive_attributes": []
        }
      ]
    },
    {
      "mode": "managed",
      "type": "google_storage_bucket",
      "name": "my_first_bucket",
      "provider": "provider[\"registry.terraform.io/hashicorp/google\"]",
      "instances": [
        {
          "schema_version": 2,
          "attributes": {
            "autoclass": [],
            "cors": [],
            "custom_placement_config": [],
            "default_event_based_hold": false,
            "effective_labels": {
              "environment": "dev",
              "managed_by": "terraform"
            },
            "enable_object_retention": false,
            "encryption": [],
            "force_destroy": true,
            "id": "ornate-node-483516-e3-test-bucket",
            "labels": {
              "environment": "dev",
              "managed_by": "terraform"
            },
            "lifecycle_rule": [],
            "location": "US",
            "logging": [],
            "name": "ornate-node-483516-e3-test-bucket",
            "project": "ornate-node-483516-e3",
            "project_number": -1225321126,
            "public_access_prevention": "inherited",
            "requester_pays": false,
            "retention_policy": [],
            "rpo": "DEFAULT",
            "self_link": "https://www.googleapis.com/storage/v1/b/ornate-node-483516-e3-test-bucket",
            "soft_delete_policy": [
              {
                "effective_time": "2026-03-02T11:32:49.669Z",
                "retention_duration_seconds": 604800
              }
            ],
            "storage_class": "STANDARD",
            "terraform_labels": {
              "environment": "dev",
              "managed_by": "terraform"
            },
            "timeouts": null,
            "uniform_bucket_level_access": true,
            "url": "gs://ornate-node-483516-e3-test-bucket",
            "versioning": [],
            "website": []
          },
          "sensitive_attributes": [],
          "private": "eyJlMmJmYjczMC1lY2FhLTExZTYtOGY4OC0zNDM2M2JjN2M0YzAiOnsiY3JlYXRlIjo2MDAwMDAwMDAwMDAsInJlYWQiOjI0MDAwMDAwMDAwMCwidXBkYXRlIjoyNDAwMDAwMDAwMDB9LCJzY2hlbWFfdmVyc2lvbiI6IjIifQ=="
        }
      ]
    }
  ],
  "check_results": null
}
